
Microsoft Visual Studio Solution File, Format Version 12.00
Project("{FAE04EC0-301F-11D3-BF4B-00C04F79EFBC}") = "EnergieManagment", "EnergieManagment\EnergieManagment.csproj", "{683FB33B-CA19-4BC3-B945-8DCAD0F35D1D}"
EndProject
Global
	GlobalSection(SolutionConfigurationPlatforms) = preSolution
		Debug|Any CPU = Debug|Any CPU
		Release|Any CPU = Release|Any CPU
	EndGlobalSection
	GlobalSection(ProjectConfigurationPlatforms) = postSolution
		{683FB33B-CA19-4BC3-B945-8DCAD0F35D1D}.Debug|Any CPU.ActiveCfg = Debug|Any CPU
		{683FB33B-CA19-4BC3-B945-8DCAD0F35D1D}.Debug|Any CPU.Build.0 = Debug|Any CPU
		{683FB33B-CA19-4BC3-B945-8DCAD0F35D1D}.Release|Any CPU.ActiveCfg = Release|Any CPU
		{683FB33B-CA19-4BC3-B945-8DCAD0F35D1D}.Release|Any CPU.Build.0 = Release|Any CPU
	EndGlobalSection
EndGlobal
